
Microsoft Visual Studio Solution File, Format Version 12.00
# Visual Studio Version 17
VisualStudioVersion = 17.8.34330.188
MinimumVisualStudioVersion = 10.0.40219.1
Project("{2150E333-8FDC-42A3-9474-1A3956D46DE8}") = "Src", "Src", "{F3B989DB-F2B8-4A1A-A218-59DE720CDE49}"
EndProject
Project("{2150E333-8FDC-42A3-9474-1A3956D46DE8}") = "Core", "Core", "{28DD35EB-6E99-4647-B9AD-C137823D32AD}"
EndProject
Project("{2150E333-8FDC-42A3-9474-1A3956D46DE8}") = "API", "API", "{F5E72C74-48FF-4AB2-9FA6-37689B4D9A31}"
EndProject
Project("{2150E333-8FDC-42A3-9474-1A3956D46DE8}") = "Infrastructure", "Infrastructure", "{56003512-546E-4694-80CE-85C5224BC91B}"
EndProject
Project("{9A19103F-16F7-4668-BE54-9A1E7A4F7556}") = "RelTransCustomer.WebApi", "RelTransCustomer.WebApi\RelTransCustomer.WebApi.csproj", "{72CF5B64-7417-4739-BADC-3367C36DD95B}"
EndProject
Project("{9A19103F-16F7-4668-BE54-9A1E7A4F7556}") = "RelTransCustomer.Domain", "RelTransCustomer.Domain\RelTransCustomer.Domain.csproj", "{22FB5990-C8EF-45B3-865D-4D65329DC788}"
EndProject
Project("{9A19103F-16F7-4668-BE54-9A1E7A4F7556}") = "RelTransCustomer.Application", "RelTransCustomer.Application\RelTransCustomer.Application.csproj", "{73B86D0F-E70C-4B6A-B454-9E7ED63C9F97}"
EndProject
Project("{FAE04EC0-301F-11D3-BF4B-00C04F79EFBC}") = "RelTransCustomer.Identity", "RelTransCustomer.Identity\RelTransCustomer.Identity.csproj", "{A9C8E669-913B-404D-BB1D-9E8969DFA95B}"
EndProject
Project("{FAE04EC0-301F-11D3-BF4B-00C04F79EFBC}") = "RelTransCustomer.Persistence", "RelTransCustomer.Persistence\RelTransCustomer.Persistence.csproj", "{7EBA6BBC-B784-4811-81A2-F6AD85094265}"
EndProject
Project("{2150E333-8FDC-42A3-9474-1A3956D46DE8}") = "Shared", "Shared", "{430D7607-AEE7-4E6E-BFBF-64D48FC25949}"
EndProject
Project("{FAE04EC0-301F-11D3-BF4B-00C04F79EFBC}") = "RelTransCustomer.Shared", "RelTransCustomer.Shared\RelTransCustomer.Shared.csproj", "{76376E4E-2476-42E7-ABFA-7E7F80DC41AA}"
EndProject
Project("{2150E333-8FDC-42A3-9474-1A3956D46DE8}") = "Client", "Client", "{24D0D048-52A4-4567-9F63-5BEBF3D10F2A}"
EndProject
Global
	GlobalSection(SolutionConfigurationPlatforms) = preSolution
		Debug|Any CPU = Debug|Any CPU
		Release|Any CPU = Release|Any CPU
	EndGlobalSection
	GlobalSection(ProjectConfigurationPlatforms) = postSolution
		{72CF5B64-7417-4739-BADC-3367C36DD95B}.Debug|Any CPU.ActiveCfg = Debug|Any CPU
		{72CF5B64-7417-4739-BADC-3367C36DD95B}.Debug|Any CPU.Build.0 = Debug|Any CPU
		{72CF5B64-7417-4739-BADC-3367C36DD95B}.Release|Any CPU.ActiveCfg = Release|Any CPU
		{72CF5B64-7417-4739-BADC-3367C36DD95B}.Release|Any CPU.Build.0 = Release|Any CPU
		{22FB5990-C8EF-45B3-865D-4D65329DC788}.Debug|Any CPU.ActiveCfg = Debug|Any CPU
		{22FB5990-C8EF-45B3-865D-4D65329DC788}.Debug|Any CPU.Build.0 = Debug|Any CPU
		{22FB5990-C8EF-45B3-865D-4D65329DC788}.Release|Any CPU.ActiveCfg = Release|Any CPU
		{22FB5990-C8EF-45B3-865D-4D65329DC788}.Release|Any CPU.Build.0 = Release|Any CPU
		{73B86D0F-E70C-4B6A-B454-9E7ED63C9F97}.Debug|Any CPU.ActiveCfg = Debug|Any CPU
		{73B86D0F-E70C-4B6A-B454-9E7ED63C9F97}.Debug|Any CPU.Build.0 = Debug|Any CPU
		{73B86D0F-E70C-4B6A-B454-9E7ED63C9F97}.Release|Any CPU.ActiveCfg = Release|Any CPU
		{73B86D0F-E70C-4B6A-B454-9E7ED63C9F97}.Release|Any CPU.Build.0 = Release|Any CPU
		{A9C8E669-913B-404D-BB1D-9E8969DFA95B}.Debug|Any CPU.ActiveCfg = Debug|Any CPU
		{A9C8E669-913B-404D-BB1D-9E8969DFA95B}.Debug|Any CPU.Build.0 = Debug|Any CPU
		{A9C8E669-913B-404D-BB1D-9E8969DFA95B}.Release|Any CPU.ActiveCfg = Release|Any CPU
		{A9C8E669-913B-404D-BB1D-9E8969DFA95B}.Release|Any CPU.Build.0 = Release|Any CPU
		{7EBA6BBC-B784-4811-81A2-F6AD85094265}.Debug|Any CPU.ActiveCfg = Debug|Any CPU
		{7EBA6BBC-B784-4811-81A2-F6AD85094265}.Debug|Any CPU.Build.0 = Debug|Any CPU
		{7EBA6BBC-B784-4811-81A2-F6AD85094265}.Release|Any CPU.ActiveCfg = Release|Any CPU
		{7EBA6BBC-B784-4811-81A2-F6AD85094265}.Release|Any CPU.Build.0 = Release|Any CPU
		{76376E4E-2476-42E7-ABFA-7E7F80DC41AA}.Debug|Any CPU.ActiveCfg = Debug|Any CPU
		{76376E4E-2476-42E7-ABFA-7E7F80DC41AA}.Debug|Any CPU.Build.0 = Debug|Any CPU
		{76376E4E-2476-42E7-ABFA-7E7F80DC41AA}.Release|Any CPU.ActiveCfg = Release|Any CPU
		{76376E4E-2476-42E7-ABFA-7E7F80DC41AA}.Release|Any CPU.Build.0 = Release|Any CPU
	EndGlobalSection
	GlobalSection(SolutionProperties) = preSolution
		HideSolutionNode = FALSE
	EndGlobalSection
	GlobalSection(NestedProjects) = preSolution
		{28DD35EB-6E99-4647-B9AD-C137823D32AD} = {F3B989DB-F2B8-4A1A-A218-59DE720CDE49}
		{F5E72C74-48FF-4AB2-9FA6-37689B4D9A31} = {F3B989DB-F2B8-4A1A-A218-59DE720CDE49}
		{56003512-546E-4694-80CE-85C5224BC91B} = {F3B989DB-F2B8-4A1A-A218-59DE720CDE49}
		{72CF5B64-7417-4739-BADC-3367C36DD95B} = {F5E72C74-48FF-4AB2-9FA6-37689B4D9A31}
		{22FB5990-C8EF-45B3-865D-4D65329DC788} = {28DD35EB-6E99-4647-B9AD-C137823D32AD}
		{73B86D0F-E70C-4B6A-B454-9E7ED63C9F97} = {28DD35EB-6E99-4647-B9AD-C137823D32AD}
		{A9C8E669-913B-404D-BB1D-9E8969DFA95B} = {56003512-546E-4694-80CE-85C5224BC91B}
		{7EBA6BBC-B784-4811-81A2-F6AD85094265} = {56003512-546E-4694-80CE-85C5224BC91B}
		{430D7607-AEE7-4E6E-BFBF-64D48FC25949} = {F3B989DB-F2B8-4A1A-A218-59DE720CDE49}
		{76376E4E-2476-42E7-ABFA-7E7F80DC41AA} = {430D7607-AEE7-4E6E-BFBF-64D48FC25949}
		{24D0D048-52A4-4567-9F63-5BEBF3D10F2A} = {F3B989DB-F2B8-4A1A-A218-59DE720CDE49}
	EndGlobalSection
	GlobalSection(ExtensibilityGlobals) = postSolution
		SolutionGuid = {809EA219-C9BA-4050-9073-A6DEB56335BE}
	EndGlobalSection
EndGlobal
